{
  "name": "react-native-dashed-progress",
  "version": "1.0.0",
  "lockfileVersion": 1,
  "requires": true,
  "dependencies": {
    "react-native-svg": {
      "version": "9.6.4",
      "resolved": "https://registry.npmjs.org/react-native-svg/-/react-native-svg-9.6.4.tgz",
      "integrity": "sha512-6SlbGx0vlXHyDPQXSpX+8o6bNjxKFNJsISoboAkR7YWW6hdnkMg/HJXCgT6oJC0/ClKtSO7ZPrQcK4HR65kDNg=="
    }
  }
}
